
Microsoft Visual Studio Solution File, Format Version 12.00
# Visual Studio Version 17
VisualStudioVersion = 17.4.33213.308
MinimumVisualStudioVersion = 10.0.40219.1
Project("{2150E333-8FDC-42A3-9474-1A3956D46DE8}") = "src", "src", "{DA2A596F-BB3F-472A-95C8-6CE451B8A5A0}"
EndProject
Project("{FAE04EC0-301F-11D3-BF4B-00C04F79EFBC}") = "Web", "src\Web\Web.csproj", "{49CB35C2-A550-4553-B956-6C72B0C66DD7}"
EndProject
Project("{FAE04EC0-301F-11D3-BF4B-00C04F79EFBC}") = "ApplicationCore", "src\ApplicationCore\ApplicationCore.csproj", "{01568B6F-569D-4382-898D-4D326CAD7B6F}"
EndProject
Project("{FAE04EC0-301F-11D3-BF4B-00C04F79EFBC}") = "Infrastructure", "src\Infrastructure\Infrastructure.csproj", "{80CC0CA2-DB33-4EA5-AA84-27E0A0EDC840}"
EndProject
Project("{2150E333-8FDC-42A3-9474-1A3956D46DE8}") = "tests", "tests", "{E6E6FBA7-14CC-45C9-A969-FCF30B0428F6}"
EndProject
Project("{FAE04EC0-301F-11D3-BF4B-00C04F79EFBC}") = "UnitTest", "tests\UnitTest\UnitTest.csproj", "{B1349F02-D58A-4E37-B589-73C8E51DCCC0}"
EndProject
Project("{2150E333-8FDC-42A3-9474-1A3956D46DE8}") = "Solution Items", "Solution Items", "{E7F822F3-78CA-48C7-8C96-5C1D324F9346}"
	ProjectSection(SolutionItems) = preProject
		README.md = README.md
	EndProjectSection
EndProject
Global
	GlobalSection(SolutionConfigurationPlatforms) = preSolution
		Debug|Any CPU = Debug|Any CPU
		Release|Any CPU = Release|Any CPU
	EndGlobalSection
	GlobalSection(ProjectConfigurationPlatforms) = postSolution
		{49CB35C2-A550-4553-B956-6C72B0C66DD7}.Debug|Any CPU.ActiveCfg = Debug|Any CPU
		{49CB35C2-A550-4553-B956-6C72B0C66DD7}.Debug|Any CPU.Build.0 = Debug|Any CPU
		{49CB35C2-A550-4553-B956-6C72B0C66DD7}.Release|Any CPU.ActiveCfg = Release|Any CPU
		{49CB35C2-A550-4553-B956-6C72B0C66DD7}.Release|Any CPU.Build.0 = Release|Any CPU
		{01568B6F-569D-4382-898D-4D326CAD7B6F}.Debug|Any CPU.ActiveCfg = Debug|Any CPU
		{01568B6F-569D-4382-898D-4D326CAD7B6F}.Debug|Any CPU.Build.0 = Debug|Any CPU
		{01568B6F-569D-4382-898D-4D326CAD7B6F}.Release|Any CPU.ActiveCfg = Release|Any CPU
		{01568B6F-569D-4382-898D-4D326CAD7B6F}.Release|Any CPU.Build.0 = Release|Any CPU
		{80CC0CA2-DB33-4EA5-AA84-27E0A0EDC840}.Debug|Any CPU.ActiveCfg = Debug|Any CPU
		{80CC0CA2-DB33-4EA5-AA84-27E0A0EDC840}.Debug|Any CPU.Build.0 = Debug|Any CPU
		{80CC0CA2-DB33-4EA5-AA84-27E0A0EDC840}.Release|Any CPU.ActiveCfg = Release|Any CPU
		{80CC0CA2-DB33-4EA5-AA84-27E0A0EDC840}.Release|Any CPU.Build.0 = Release|Any CPU
		{B1349F02-D58A-4E37-B589-73C8E51DCCC0}.Debug|Any CPU.ActiveCfg = Debug|Any CPU
		{B1349F02-D58A-4E37-B589-73C8E51DCCC0}.Debug|Any CPU.Build.0 = Debug|Any CPU
		{B1349F02-D58A-4E37-B589-73C8E51DCCC0}.Release|Any CPU.ActiveCfg = Release|Any CPU
		{B1349F02-D58A-4E37-B589-73C8E51DCCC0}.Release|Any CPU.Build.0 = Release|Any CPU
	EndGlobalSection
	GlobalSection(SolutionProperties) = preSolution
		HideSolutionNode = FALSE
	EndGlobalSection
	GlobalSection(NestedProjects) = preSolution
		{49CB35C2-A550-4553-B956-6C72B0C66DD7} = {DA2A596F-BB3F-472A-95C8-6CE451B8A5A0}
		{01568B6F-569D-4382-898D-4D326CAD7B6F} = {DA2A596F-BB3F-472A-95C8-6CE451B8A5A0}
		{80CC0CA2-DB33-4EA5-AA84-27E0A0EDC840} = {DA2A596F-BB3F-472A-95C8-6CE451B8A5A0}
		{B1349F02-D58A-4E37-B589-73C8E51DCCC0} = {E6E6FBA7-14CC-45C9-A969-FCF30B0428F6}
	EndGlobalSection
	GlobalSection(ExtensibilityGlobals) = postSolution
		SolutionGuid = {E282F067-2519-425A-A50D-E8F730003D69}
	EndGlobalSection
EndGlobal
